<?xml version="1.0" encoding="utf-8"?>
<Project ToolsVersion="4.0" xmlns="http://schemas.microsoft.com/developer/msbuild/2003">
  <ItemGroup>
    <ClInclude Include="snet.h" />
    <ClInclude Include="connection.h" />
    <ClInclude Include="agent_impl.h" />
    <ClInclude Include="work_thread.h" />
    <ClInclude Include="acceptor.h" />
  </ItemGroup>
  <ItemGroup>
    <ClCompile Include="connection.cpp" />
    <ClCompile Include="agent_impl.cpp" />
    <ClCompile Include="work_thread.cpp" />
    <ClCompile Include="acceptor.cpp" />
  </ItemGroup>
</Project>